// !$*UTF8*$!
{
	archiveVersion = 1;
	classes = {
	};
	objectVersion = 56;
	objects = {

/* Begin PBXBuildFile section */
		3DB4BA372C8B257F00B5883E /* HillFitApp.swift in Sources */ = {isa = PBXBuildFile; fileRef = 3DB4BA362C8B257F00B5883E /* HillFitApp.swift */; };
		3DB4BA392C8B257F00B5883E /* ContentView.swift in Sources */ = {isa = PBXBuildFile; fileRef = 3DB4BA382C8B257F00B5883E /* ContentView.swift */; };
		3DB4BA3B2C8B258100B5883E /* Assets.xcassets in Resources */ = {isa = PBXBuildFile; fileRef = 3DB4BA3A2C8B258100B5883E /* Assets.xcassets */; };
		3DB4BA3E2C8B258100B5883E /* Preview Assets.xcassets in Resources */ = {isa = PBXBuildFile; fileRef = 3DB4BA3D2C8B258100B5883E /* Preview Assets.xcassets */; };
		3DB4BA472C8B287500B5883E /* WelcomeView.swift in Sources */ = {isa = PBXBuildFile; fileRef = 3DB4BA462C8B287500B5883E /* WelcomeView.swift */; };
		3DB4BA492C8B288200B5883E /* ExerciseView.swift in Sources */ = {isa = PBXBuildFile; fileRef = 3DB4BA482C8B288200B5883E /* ExerciseView.swift */; };
		3DB4BA4F2C8B2DCA00B5883E /* squat.mp4 in Resources */ = {isa = PBXBuildFile; fileRef = 3DB4BA4B2C8B2DCA00B5883E /* squat.mp4 */; };
		3DB4BA502C8B2DCA00B5883E /* step-up.mp4 in Resources */ = {isa = PBXBuildFile; fileRef = 3DB4BA4C2C8B2DCA00B5883E /* step-up.mp4 */; };
		3DB4BA512C8B2DCA00B5883E /* burpee.mp4 in Resources */ = {isa = PBXBuildFile; fileRef = 3DB4BA4D2C8B2DCA00B5883E /* burpee.mp4 */; };
		3DB4BA522C8B2DCA00B5883E /* sun-salute.mp4 in Resources */ = {isa = PBXBuildFile; fileRef = 3DB4BA4E2C8B2DCA00B5883E /* sun-salute.mp4 */; };
/* End PBXBuildFile section */

/* Begin PBXFileReference section */
		3DB4BA332C8B257F00B5883E /* HillFit.app */ = {isa = PBXFileReference; explicitFileType = wrapper.application; includeInIndex = 0; path = HillFit.app; sourceTree = BUILT_PRODUCTS_DIR; };
		3DB4BA362C8B257F00B5883E /* HillFitApp.swift */ = {isa = PBXFileReference; lastKnownFileType = sourcecode.swift; path = HillFitApp.swift; sourceTree = "<group>"; };
		3DB4BA382C8B257F00B5883E /* ContentView.swift */ = {isa = PBXFileReference; lastKnownFileType = sourcecode.swift; path = ContentView.swift; sourceTree = "<group>"; };
		3DB4BA3A2C8B258100B5883E /* Assets.xcassets */ = {isa = PBXFileReference; lastKnownFileType = folder.assetcatalog; path = Assets.xcassets; sourceTree = "<group>"; };
		3DB4BA3D2C8B258100B5883E /* Preview Assets.xcassets */ = {isa = PBXFileReference; lastKnownFileType = folder.assetcatalog; path = "Preview Assets.xcassets"; sourceTree = "<group>"; };
		3DB4BA462C8B287500B5883E /* WelcomeView.swift */ = {isa = PBXFileReference; lastKnownFileType = sourcecode.swift; path = WelcomeView.swift; sourceTree = "<group>"; };
		3DB4BA482C8B288200B5883E /* ExerciseView.swift */ = {isa = PBXFileReference; lastKnownFileType = sourcecode.swift; path = ExerciseView.swift; sourceTree = "<group>"; };
		3DB4BA4B2C8B2DCA00B5883E /* squat.mp4 */ = {isa = PBXFileReference; lastKnownFileType = file; path = squat.mp4; sourceTree = "<group>"; };
		3DB4BA4C2C8B2DCA00B5883E /* step-up.mp4 */ = {isa = PBXFileReference; lastKnownFileType = file; path = "step-up.mp4"; sourceTree = "<group>"; };
		3DB4BA4D2C8B2DCA00B5883E /* burpee.mp4 */ = {isa = PBXFileReference; lastKnownFileType = file; path = burpee.mp4; sourceTree = "<group>"; };
		3DB4BA4E2C8B2DCA00B5883E /* sun-salute.mp4 */ = {isa = PBXFileReference; lastKnownFileType = file; path = "sun-salute.mp4"; sourceTree = "<group>"; };
/* End PBXFileReference section */

/* Begin PBXFrameworksBuildPhase section */
		3DB4BA302C8B257F00B5883E /* Frameworks */ = {
			isa = PBXFrameworksBuildPhase;
			buildActionMask = 2147483647;
			files = (
			);
			runOnlyForDeploymentPostprocessing = 0;
		};
/* End PBXFrameworksBuildPhase section */

/* Begin PBXGroup section */
		3DB4BA2A2C8B257F00B5883E = {
			isa = PBXGroup;
			children = (
				3DB4BA352C8B257F00B5883E /* HillFit */,
				3DB4BA342C8B257F00B5883E /* Products */,
			);
			sourceTree = "<group>";
		};
		3DB4BA342C8B257F00B5883E /* Products */ = {
			isa = PBXGroup;
			children = (
				3DB4BA332C8B257F00B5883E /* HillFit.app */,
			);
			name = Products;
			sourceTree = "<group>";
		};
		3DB4BA352C8B257F00B5883E /* HillFit */ = {
			isa = PBXGroup;
			children = (
				3DB4BA362C8B257F00B5883E /* HillFitApp.swift */,
				3DB4BA532C8B2E0800B5883E /* Videos */,
				3DB4BA4A2C8B28A400B5883E /* Views */,
				3DB4BA3A2C8B258100B5883E /* Assets.xcassets */,
				3DB4BA3C2C8B258100B5883E /* Preview Content */,
			);
			path = HillFit;
			sourceTree = "<group>";
		};
		3DB4BA3C2C8B258100B5883E /* Preview Content */ = {
			isa = PBXGroup;
			children = (
				3DB4BA3D2C8B258100B5883E /* Preview Assets.xcassets */,
			);
			path = "Preview Content";
			sourceTree = "<group>";
		};
		3DB4BA4A2C8B28A400B5883E /* Views */ = {
			isa = PBXGroup;
			children = (
				3DB4BA382C8B257F00B5883E /* ContentView.swift */,
				3DB4BA462C8B287500B5883E /* WelcomeView.swift */,
				3DB4BA482C8B288200B5883E /* ExerciseView.swift */,
			);
			path = Views;
			sourceTree = "<group>";
		};
		3DB4BA532C8B2E0800B5883E /* Videos */ = {
			isa = PBXGroup;
			children = (
				3DB4BA4D2C8B2DCA00B5883E /* burpee.mp4 */,
				3DB4BA4B2C8B2DCA00B5883E /* squat.mp4 */,
				3DB4BA4C2C8B2DCA00B5883E /* step-up.mp4 */,
				3DB4BA4E2C8B2DCA00B5883E /* sun-salute.mp4 */,
			);
			path = Videos;
			sourceTree = "<group>";
		};
/* End PBXGroup section */

/* Begin PBXNativeTarget section */
		3DB4BA322C8B257F00B5883E /* HillFit */ = {
			isa = PBXNativeTarget;
			buildConfigurationList = 3DB4BA412C8B258100B5883E /* Build configuration list for PBXNativeTarget "HillFit" */;
			buildPhases = (
				3DB4BA2F2C8B257F00B5883E /* Sources */,
				3DB4BA302C8B257F00B5883E /* Frameworks */,
				3DB4BA312C8B257F00B5883E /* Resources */,
			);
			buildRules = (
			);
			dependencies = (
			);
			name = HillFit;
			productName = HillFit;
			productReference = 3DB4BA332C8B257F00B5883E /* HillFit.app */;
			productType = "com.apple.product-type.application";
		};
/* End PBXNativeTarget section */

/* Begin PBXProject section */
		3DB4BA2B2C8B257F00B5883E /* Project object */ = {
			isa = PBXProject;
			attributes = {
				BuildIndependentTargetsInParallel = 1;
				LastSwiftUpdateCheck = 1540;
				LastUpgradeCheck = 1540;
				TargetAttributes = {
					3DB4BA322C8B257F00B5883E = {
						CreatedOnToolsVersion = 15.4;
					};
				};
			};
			buildConfigurationList = 3DB4BA2E2C8B257F00B5883E /* Build configuration list for PBXProject "HillFit" */;
			compatibilityVersion = "Xcode 14.0";
			developmentRegion = en;
			hasScannedForEncodings = 0;
			knownRegions = (
				en,
				Base,
			);
			mainGroup = 3DB4BA2A2C8B257F00B5883E;
			productRefGroup = 3DB4BA342C8B257F00B5883E /* Products */;
			projectDirPath = "";
			projectRoot = "";
			targets = (
				3DB4BA322C8B257F00B5883E /* HillFit */,
			);
		};
/* End PBXProject section */

/* Begin PBXResourcesBuildPhase section */
		3DB4BA312C8B257F00B5883E /* Resources */ = {
			isa = PBXResourcesBuildPhase;
			buildActionMask = 2147483647;
			files = (
				3DB4BA502C8B2DCA00B5883E /* step-up.mp4 in Resources */,
				3DB4BA512C8B2DCA00B5883E /* burpee.mp4 in Resources */,
				3DB4BA3E2C8B258100B5883E /* Preview Assets.xcassets in Resources */,
				3DB4BA4F2C8B2DCA00B5883E /* squat.mp4 in Resources */,
				3DB4BA522C8B2DCA00B5883E /* sun-salute.mp4 in Resources */,
				3DB4BA3B2C8B258100B5883E /* Assets.xcassets in Resources */,
			);
			runOnlyForDeploymentPostprocessing = 0;
		};
/* End PBXResourcesBuildPhase section */

/* Begin PBXSourcesBuildPhase section */
		3DB4BA2F2C8B257F00B5883E /* Sources */ = {
			isa = PBXSourcesBuildPhase;
			buildActionMask = 2147483647;
			files = (
				3DB4BA492C8B288200B5883E /* ExerciseView.swift in Sources */,
				3DB4BA392C8B257F00B5883E /* ContentView.swift in Sources */,
				3DB4BA472C8B287500B5883E /* WelcomeView.swift in Sources */,
				3DB4BA372C8B257F00B5883E /* HillFitApp.swift in Sources */,
			);
			runOnlyForDeploymentPostprocessing = 0;
		};
/* End PBXSourcesBuildPhase section */

/* Begin XCBuildConfiguration section */
		3DB4BA3F2C8B258100B5883E /* Debug */ = {
			isa = XCBuildConfiguration;
			buildSettings = {
				ALWAYS_SEARCH_USER_PATHS = NO;
				ASSETCATALOG_COMPILER_GENERATE_SWIFT_ASSET_SYMBOL_EXTENSIONS = YES;
				CLANG_ANALYZER_NONNULL = YES;
				CLANG_ANALYZER_NUMBER_OBJECT_CONVERSION = YES_AGGRESSIVE;
				CLANG_CXX_LANGUAGE_STANDARD = "gnu++20";
				CLANG_ENABLE_MODULES = YES;
				CLANG_ENABLE_OBJC_ARC = YES;
				CLANG_ENABLE_OBJC_WEAK = YES;
				CLANG_WARN_BLOCK_CAPTURE_AUTORELEASING = YES;
				CLANG_WARN_BOOL_CONVERSION = YES;
				CLANG_WARN_COMMA = YES;
				CLANG_WARN_CONSTANT_CONVERSION = YES;
				CLANG_WARN_DEPRECATED_OBJC_IMPLEMENTATIONS = YES;
				CLANG_WARN_DIRECT_OBJC_ISA_USAGE = YES_ERROR;
				CLANG_WARN_DOCUMENTATION_COMMENTS = YES;
				CLANG_WARN_EMPTY_BODY = YES;
				CLANG_WARN_ENUM_CONVERSION = YES;
				CLANG_WARN_INFINITE_RECURSION = YES;
				CLANG_WARN_INT_CONVERSION = YES;
				CLANG_WARN_NON_LITERAL_NULL_CONVERSION = YES;
				CLANG_WARN_OBJC_IMPLICIT_RETAIN_SELF = YES;
				CLANG_WARN_OBJC_LITERAL_CONVERSION = YES;
				CLANG_WARN_OBJC_ROOT_CLASS = YES_ERROR;
				CLANG_WARN_QUOTED_INCLUDE_IN_FRAMEWORK_HEADER = YES;
				CLANG_WARN_RANGE_LOOP_ANALYSIS = YES;
				CLANG_WARN_STRICT_PROTOTYPES = YES;
				CLANG_WARN_SUSPICIOUS_MOVE = YES;
				CLANG_WARN_UNGUARDED_AVAILABILITY = YES_AGGRESSIVE;
				CLANG_WARN_UNREACHABLE_CODE = YES;
				CLANG_WARN__DUPLICATE_METHOD_MATCH = YES;
				COPY_PHASE_STRIP = NO;
				DEBUG_INFORMATION_FORMAT = dwarf;
				ENABLE_STRICT_OBJC_MSGSEND = YES;
				ENABLE_TESTABILITY = YES;
				ENABLE_USER_SCRIPT_SANDBOXING = YES;
				GCC_C_LANGUAGE_STANDARD = gnu17;
				GCC_DYNAMIC_NO_PIC = NO;
				GCC_NO_COMMON_BLOCKS = YES;
				GCC_OPTIMIZATION_LEVEL = 0;
				GCC_PREPROCESSOR_DEFINITIONS = (
					"DEBUG=1",
					"$(inherited)",
				);
				GCC_WARN_64_TO_32_BIT_CONVERSION = YES;
				GCC_WARN_ABOUT_RETURN_TYPE = YES_ERROR;
				GCC_WARN_UNDECLARED_SELECTOR = YES;
				GCC_WARN_UNINITIALIZED_AUTOS = YES_AGGRESSIVE;
				GCC_WARN_UNUSED_FUNCTION = YES;
				GCC_WARN_UNUSED_VARIABLE = YES;
				IPHONEOS_DEPLOYMENT_TARGET = 17.5;
				LOCALIZATION_PREFERS_STRING_CATALOGS = YES;
				MTL_ENABLE_DEBUG_INFO = INCLUDE_SOURCE;
				MTL_FAST_MATH = YES;
				ONLY_ACTIVE_ARCH = YES;
				SDKROOT = iphoneos;
				SWIFT_ACTIVE_COMPILATION_CONDITIONS = "DEBUG $(inherited)";
				SWIFT_OPTIMIZATION_LEVEL = "-Onone";
			};
			name = Debug;
		};
		3DB4BA402C8B258100B5883E /* Release */ = {
			isa = XCBuildConfiguration;
			buildSettings = {
				ALWAYS_SEARCH_USER_PATHS = NO;
				ASSETCATALOG_COMPILER_GENERATE_SWIFT_ASSET_SYMBOL_EXTENSIONS = YES;
				CLANG_ANALYZER_NONNULL = YES;
				CLANG_ANALYZER_NUMBER_OBJECT_CONVERSION = YES_AGGRESSIVE;
				CLANG_CXX_LANGUAGE_STANDARD = "gnu++20";
				CLANG_ENABLE_MODULES = YES;
				CLANG_ENABLE_OBJC_ARC = YES;
				CLANG_ENABLE_OBJC_WEAK = YES;
				CLANG_WARN_BLOCK_CAPTURE_AUTORELEASING = YES;
				CLANG_WARN_BOOL_CONVERSION = YES;
				CLANG_WARN_COMMA = YES;
				CLANG_WARN_CONSTANT_CONVERSION = YES;
				CLANG_WARN_DEPRECATED_OBJC_IMPLEMENTATIONS = YES;
				CLANG_WARN_DIRECT_OBJC_ISA_USAGE = YES_ERROR;
				CLANG_WARN_DOCUMENTATION_COMMENTS = YES;
				CLANG_WARN_EMPTY_BODY = YES;
				CLANG_WARN_ENUM_CONVERSION = YES;
				CLANG_WARN_INFINITE_RECURSION = YES;
				CLANG_WARN_INT_CONVERSION = YES;
				CLANG_WARN_NON_LITERAL_NULL_CONVERSION = YES;
				CLANG_WARN_OBJC_IMPLICIT_RETAIN_SELF = YES;
				CLANG_WARN_OBJC_LITERAL_CONVERSION = YES;
				CLANG_WARN_OBJC_ROOT_CLASS = YES_ERROR;
				CLANG_WARN_QUOTED_INCLUDE_IN_FRAMEWORK_HEADER = YES;
				CLANG_WARN_RANGE_LOOP_ANALYSIS = YES;
				CLANG_WARN_STRICT_PROTOTYPES = YES;
				CLANG_WARN_SUSPICIOUS_MOVE = YES;
				CLANG_WARN_UNGUARDED_AVAILABILITY = YES_AGGRESSIVE;
				CLANG_WARN_UNREACHABLE_CODE = YES;
				CLANG_WARN__DUPLICATE_METHOD_MATCH = YES;
				COPY_PHASE_STRIP = NO;
				DEBUG_INFORMATION_FORMAT = "dwarf-with-dsym";
				ENABLE_NS_ASSERTIONS = NO;
				ENABLE_STRICT_OBJC_MSGSEND = YES;
				ENABLE_USER_SCRIPT_SANDBOXING = YES;
				GCC_C_LANGUAGE_STANDARD = gnu17;
				GCC_NO_COMMON_BLOCKS = YES;
				GCC_WARN_64_TO_32_BIT_CONVERSION = YES;
				GCC_WARN_ABOUT_RETURN_TYPE = YES_ERROR;
				GCC_WARN_UNDECLARED_SELECTOR = YES;
				GCC_WARN_UNINITIALIZED_AUTOS = YES_AGGRESSIVE;
				GCC_WARN_UNUSED_FUNCTION = YES;
				GCC_WARN_UNUSED_VARIABLE = YES;
				IPHONEOS_DEPLOYMENT_TARGET = 17.5;
				LOCALIZATION_PREFERS_STRING_CATALOGS = YES;
				MTL_ENABLE_DEBUG_INFO = NO;
				MTL_FAST_MATH = YES;
				SDKROOT = iphoneos;
				SWIFT_COMPILATION_MODE = wholemodule;
				VALIDATE_PRODUCT = YES;
			};
			name = Release;
		};
		3DB4BA422C8B258100B5883E /* Debug */ = {
			isa = XCBuildConfiguration;
			buildSettings = {
				ASSETCATALOG_COMPILER_APPICON_NAME = AppIcon;
				ASSETCATALOG_COMPILER_GLOBAL_ACCENT_COLOR_NAME = AccentColor;
				CODE_SIGN_STYLE = Automatic;
				CURRENT_PROJECT_VERSION = 1;
				DEVELOPMENT_ASSET_PATHS = "\"HillFit/Preview Content\"";
				ENABLE_PREVIEWS = YES;
				GENERATE_INFOPLIST_FILE = YES;
				INFOPLIST_KEY_UIApplicationSceneManifest_Generation = YES;
				INFOPLIST_KEY_UIApplicationSupportsIndirectInputEvents = YES;
				INFOPLIST_KEY_UILaunchScreen_Generation = YES;
				INFOPLIST_KEY_UISupportedInterfaceOrientations_iPad = "UIInterfaceOrientationPortrait UIInterfaceOrientationPortraitUpsideDown UIInterfaceOrientationLandscapeLeft UIInterfaceOrientationLandscapeRight";
				INFOPLIST_KEY_UISupportedInterfaceOrientations_iPhone = "UIInterfaceOrientationPortrait UIInterfaceOrientationLandscapeLeft UIInterfaceOrientationLandscapeRight";
				LD_RUNPATH_SEARCH_PATHS = (
					"$(inherited)",
					"@executable_path/Frameworks",
				);
				MARKETING_VERSION = 1.0;
				PRODUCT_BUNDLE_IDENTIFIER = com.anshul.HillFit;
				PRODUCT_NAME = "$(TARGET_NAME)";
				SWIFT_EMIT_LOC_STRINGS = YES;
				SWIFT_VERSION = 5.0;
				TARGETED_DEVICE_FAMILY = "1,2";
			};
			name = Debug;
		};
		3DB4BA432C8B258100B5883E /* Release */ = {
			isa = XCBuildConfiguration;
			buildSettings = {
				ASSETCATALOG_COMPILER_APPICON_NAME = AppIcon;
				ASSETCATALOG_COMPILER_GLOBAL_ACCENT_COLOR_NAME = AccentColor;
				CODE_SIGN_STYLE = Automatic;
				CURRENT_PROJECT_VERSION = 1;
				DEVELOPMENT_ASSET_PATHS = "\"HillFit/Preview Content\"";
				ENABLE_PREVIEWS = YES;
				GENERATE_INFOPLIST_FILE = YES;
				INFOPLIST_KEY_UIApplicationSceneManifest_Generation = YES;
				INFOPLIST_KEY_UIApplicationSupportsIndirectInputEvents = YES;
				INFOPLIST_KEY_UILaunchScreen_Generation = YES;
				INFOPLIST_KEY_UISupportedInterfaceOrientations_iPad = "UIInterfaceOrientationPortrait UIInterfaceOrientationPortraitUpsideDown UIInterfaceOrientationLandscapeLeft UIInterfaceOrientationLandscapeRight";
				INFOPLIST_KEY_UISupportedInterfaceOrientations_iPhone = "UIInterfaceOrientationPortrait UIInterfaceOrientationLandscapeLeft UIInterfaceOrientationLandscapeRight";
				LD_RUNPATH_SEARCH_PATHS = (
					"$(inherited)",
					"@executable_path/Frameworks",
				);
				MARKETING_VERSION = 1.0;
				PRODUCT_BUNDLE_IDENTIFIER = com.anshul.HillFit;
				PRODUCT_NAME = "$(TARGET_NAME)";
				SWIFT_EMIT_LOC_STRINGS = YES;
				SWIFT_VERSION = 5.0;
				TARGETED_DEVICE_FAMILY = "1,2";
			};
			name = Release;
		};
/* End XCBuildConfiguration section */

/* Begin XCConfigurationList section */
		3DB4BA2E2C8B257F00B5883E /* Build configuration list for PBXProject "HillFit" */ = {
			isa = XCConfigurationList;
			buildConfigurations = (
				3DB4BA3F2C8B258100B5883E /* Debug */,
				3DB4BA402C8B258100B5883E /* Release */,
			);
			defaultConfigurationIsVisible = 0;
			defaultConfigurationName = Release;
		};
		3DB4BA412C8B258100B5883E /* Build configuration list for PBXNativeTarget "HillFit" */ = {
			isa = XCConfigurationList;
			buildConfigurations = (
				3DB4BA422C8B258100B5883E /* Debug */,
				3DB4BA432C8B258100B5883E /* Release */,
			);
			defaultConfigurationIsVisible = 0;
			defaultConfigurationName = Release;
		};
/* End XCConfigurationList section */
	};
	rootObject = 3DB4BA2B2C8B257F00B5883E /* Project object */;
}
